
Microsoft Visual Studio Solution File, Format Version 12.00
# Visual Studio Version 17
VisualStudioVersion = 17.2.32519.379
MinimumVisualStudioVersion = 10.0.40219.1
Project("{FAE04EC0-301F-11D3-BF4B-00C04F79EFBC}") = "Antheap", "Antheap.csproj", "{E81EDAC1-45D3-4257-A22C-E642F8C17A1A}"
EndProject
Project("{2150E333-8FDC-42A3-9474-1A3956D46DE8}") = "Solution Items", "Solution Items", "{D9ECAD2B-67B5-4D9B-AFDD-037A49F0FC06}"
	ProjectSection(SolutionItems) = preProject
		.editorconfig = .editorconfig
	EndProjectSection
EndProject
Global
	GlobalSection(SolutionConfigurationPlatforms) = preSolution
		Debug|Any CPU = Debug|Any CPU
		Release|Any CPU = Release|Any CPU
	EndGlobalSection
	GlobalSection(ProjectConfigurationPlatforms) = postSolution
		{E81EDAC1-45D3-4257-A22C-E642F8C17A1A}.Debug|Any CPU.ActiveCfg = Debug|Any CPU
		{E81EDAC1-45D3-4257-A22C-E642F8C17A1A}.Debug|Any CPU.Build.0 = Debug|Any CPU
		{E81EDAC1-45D3-4257-A22C-E642F8C17A1A}.Release|Any CPU.ActiveCfg = Release|Any CPU
		{E81EDAC1-45D3-4257-A22C-E642F8C17A1A}.Release|Any CPU.Build.0 = Release|Any CPU
	EndGlobalSection
	GlobalSection(SolutionProperties) = preSolution
		HideSolutionNode = FALSE
	EndGlobalSection
	GlobalSection(ExtensibilityGlobals) = postSolution
		SolutionGuid = {817CA735-C216-4D45-AD73-91FA254E41D9}
	EndGlobalSection
EndGlobal
